
Microsoft Visual Studio Solution File, Format Version 12.00
# Visual Studio Version 17
VisualStudioVersion = 17.2.32616.157
MinimumVisualStudioVersion = 10.0.40219.1
Project("{FAE04EC0-301F-11D3-BF4B-00C04F79EFBC}") = "ModuloAuteticacao.Desktop", "ModuloAuteticacao.Desktop\ModuloAuteticacao.Desktop.csproj", "{44C604B4-4CDE-491B-B344-E14E618C10E6}"
EndProject
Project("{FAE04EC0-301F-11D3-BF4B-00C04F79EFBC}") = "ModuloAuteticacao.Classes", "ModuloAuteticacao.Classes\ModuloAuteticacao.Classes.csproj", "{CE316F6C-6175-49E1-A58F-B7ACD9EA6EF4}"
EndProject
Global
	GlobalSection(SolutionConfigurationPlatforms) = preSolution
		Debug|Any CPU = Debug|Any CPU
		Release|Any CPU = Release|Any CPU
	EndGlobalSection
	GlobalSection(ProjectConfigurationPlatforms) = postSolution
		{44C604B4-4CDE-491B-B344-E14E618C10E6}.Debug|Any CPU.ActiveCfg = Debug|Any CPU
		{44C604B4-4CDE-491B-B344-E14E618C10E6}.Debug|Any CPU.Build.0 = Debug|Any CPU
		{44C604B4-4CDE-491B-B344-E14E618C10E6}.Release|Any CPU.ActiveCfg = Release|Any CPU
		{44C604B4-4CDE-491B-B344-E14E618C10E6}.Release|Any CPU.Build.0 = Release|Any CPU
		{CE316F6C-6175-49E1-A58F-B7ACD9EA6EF4}.Debug|Any CPU.ActiveCfg = Debug|Any CPU
		{CE316F6C-6175-49E1-A58F-B7ACD9EA6EF4}.Debug|Any CPU.Build.0 = Debug|Any CPU
		{CE316F6C-6175-49E1-A58F-B7ACD9EA6EF4}.Release|Any CPU.ActiveCfg = Release|Any CPU
		{CE316F6C-6175-49E1-A58F-B7ACD9EA6EF4}.Release|Any CPU.Build.0 = Release|Any CPU
	EndGlobalSection
	GlobalSection(SolutionProperties) = preSolution
		HideSolutionNode = FALSE
	EndGlobalSection
	GlobalSection(ExtensibilityGlobals) = postSolution
		SolutionGuid = {5AFA89E9-3881-48F9-9DEB-A4EE4D0776D4}
	EndGlobalSection
EndGlobal
